
Microsoft Visual Studio Solution File, Format Version 12.00
# Visual Studio Version 17
VisualStudioVersion = 17.4.33122.133
MinimumVisualStudioVersion = 10.0.40219.1
Project("{FAE04EC0-301F-11D3-BF4B-00C04F79EFBC}") = "BibliotecaDePeliculas", "BibliotecaDePeliculas.csproj", "{03325FCA-6036-4140-BA6E-DF80C1423E5A}"
EndProject
Global
	GlobalSection(SolutionConfigurationPlatforms) = preSolution
		Debug|Any CPU = Debug|Any CPU
		Release|Any CPU = Release|Any CPU
	EndGlobalSection
	GlobalSection(ProjectConfigurationPlatforms) = postSolution
		{03325FCA-6036-4140-BA6E-DF80C1423E5A}.Debug|Any CPU.ActiveCfg = Debug|Any CPU
		{03325FCA-6036-4140-BA6E-DF80C1423E5A}.Debug|Any CPU.Build.0 = Debug|Any CPU
		{03325FCA-6036-4140-BA6E-DF80C1423E5A}.Release|Any CPU.ActiveCfg = Release|Any CPU
		{03325FCA-6036-4140-BA6E-DF80C1423E5A}.Release|Any CPU.Build.0 = Release|Any CPU
	EndGlobalSection
	GlobalSection(SolutionProperties) = preSolution
		HideSolutionNode = FALSE
	EndGlobalSection
	GlobalSection(ExtensibilityGlobals) = postSolution
		SolutionGuid = {6E2EE1A0-F778-439E-A766-44616C73FFF6}
	EndGlobalSection
EndGlobal
